{
  "name": "echarts",
  "version": "1.0.0",
  "lockfileVersion": 1,
  "requires": true,
  "dependencies": {
    "echarts": {
      "version": "4.4.0",
      "resolved": "https://registry.npm.taobao.org/echarts/download/echarts-4.4.0.tgz",
      "integrity": "sha1-1SYFZs7wuY9aALrxtQEOksHCNmE=",
      "requires": {
        "zrender": "4.1.1"
      }
    },
    "jquery": {
      "version": "3.4.1",
      "resolved": "http://r.cnpmjs.org/jquery/download/jquery-3.4.1.tgz",
      "integrity": "sha1-cU8fjZ3eS9+lV2S6N+8hRjDYDvI="
    },
    "zrender": {
      "version": "4.1.1",
      "resolved": "https://registry.npm.taobao.org/zrender/download/zrender-4.1.1.tgz?cache=0&other_urls=https%3A%2F%2Fregistry.npm.taobao.org%2Fzrender%2Fdownload%2Fzrender-4.1.1.tgz",
      "integrity": "sha1-IB5YpVzxp+lz4dutPBVZbvh3n1Q="
    }
  }
}
